
Microsoft Visual Studio Solution File, Format Version 12.00
# Visual Studio Version 16
VisualStudioVersion = 16.0.30523.141
MinimumVisualStudioVersion = 10.0.40219.1
Project("{FAE04EC0-301F-11D3-BF4B-00C04F79EFBC}") = "biblioteka", "biblioteka\biblioteka.csproj", "{439E19D7-E935-4E16-8701-0C324A250146}"
EndProject
Global
	GlobalSection(SolutionConfigurationPlatforms) = preSolution
		Debug|Any CPU = Debug|Any CPU
		Release|Any CPU = Release|Any CPU
	EndGlobalSection
	GlobalSection(ProjectConfigurationPlatforms) = postSolution
		{439E19D7-E935-4E16-8701-0C324A250146}.Debug|Any CPU.ActiveCfg = Debug|Any CPU
		{439E19D7-E935-4E16-8701-0C324A250146}.Debug|Any CPU.Build.0 = Debug|Any CPU
		{439E19D7-E935-4E16-8701-0C324A250146}.Release|Any CPU.ActiveCfg = Release|Any CPU
		{439E19D7-E935-4E16-8701-0C324A250146}.Release|Any CPU.Build.0 = Release|Any CPU
	EndGlobalSection
	GlobalSection(SolutionProperties) = preSolution
		HideSolutionNode = FALSE
	EndGlobalSection
	GlobalSection(ExtensibilityGlobals) = postSolution
		SolutionGuid = {2862FD7C-75F7-45C5-9E7C-DB4CB0D920C4}
	EndGlobalSection
EndGlobal
